
Microsoft Visual Studio Solution File, Format Version 12.00
# Visual Studio 2013
VisualStudioVersion = 12.0.30110.0
MinimumVisualStudioVersion = 10.0.40219.1
Project("{2150E333-8FDC-42A3-9474-1A3956D46DE8}") = "WindowsPhone", "WindowsPhone", "{8BE132FA-E460-4A92-9256-5C2C30D2DF0F}"
EndProject
Project("{2150E333-8FDC-42A3-9474-1A3956D46DE8}") = "Service", "Service", "{C64F8801-3FFC-4F0A-A0BC-F1F855CCE518}"
EndProject
Project("{FAE04EC0-301F-11D3-BF4B-00C04F79EFBC}") = "UniaraService.Model", "service\UniaraService.Model\UniaraService.Model.csproj", "{F5BC568D-1530-4079-8838-78AA44BC6DE2}"
EndProject
Project("{FAE04EC0-301F-11D3-BF4B-00C04F79EFBC}") = "UniaraService.App", "service\UniaraService.App\UniaraService.App.csproj", "{C80274A8-3CC6-4477-83CE-DA0454D1F021}"
EndProject
Project("{FAE04EC0-301F-11D3-BF4B-00C04F79EFBC}") = "UniaraService.Core", "service\UniaraService.Core\UniaraService.Core.csproj", "{520ECCE1-5E2C-4AAD-90EC-21BD06ED576A}"
EndProject
Project("{FAE04EC0-301F-11D3-BF4B-00C04F79EFBC}") = "UniaraService", "service\UniaraService\UniaraService.csproj", "{5E8E10CD-6FDA-48CE-B823-A7143BC4ADD6}"
EndProject
Project("{FAE04EC0-301F-11D3-BF4B-00C04F79EFBC}") = "UniaraVirtual", "windowsphone\UniaraVirtual\UniaraVirtual.csproj", "{8AD11BFA-8062-4352-BD99-71EC4DCACD43}"
EndProject
Project("{2150E333-8FDC-42A3-9474-1A3956D46DE8}") = "Info", "Info", "{7D1BC2F3-0A7E-4AF0-97D8-E23B60873689}"
	ProjectSection(SolutionItems) = preProject
		service.txt = service.txt
	EndProjectSection
EndProject
Global
	GlobalSection(SolutionConfigurationPlatforms) = preSolution
		Debug|Any CPU = Debug|Any CPU
		Debug|ARM = Debug|ARM
		Debug|x86 = Debug|x86
		Release|Any CPU = Release|Any CPU
		Release|ARM = Release|ARM
		Release|x86 = Release|x86
	EndGlobalSection
	GlobalSection(ProjectConfigurationPlatforms) = postSolution
		{F5BC568D-1530-4079-8838-78AA44BC6DE2}.Debug|Any CPU.ActiveCfg = Debug|Any CPU
		{F5BC568D-1530-4079-8838-78AA44BC6DE2}.Debug|Any CPU.Build.0 = Debug|Any CPU
		{F5BC568D-1530-4079-8838-78AA44BC6DE2}.Debug|ARM.ActiveCfg = Debug|Any CPU
		{F5BC568D-1530-4079-8838-78AA44BC6DE2}.Debug|x86.ActiveCfg = Debug|Any CPU
		{F5BC568D-1530-4079-8838-78AA44BC6DE2}.Release|Any CPU.ActiveCfg = Release|Any CPU
		{F5BC568D-1530-4079-8838-78AA44BC6DE2}.Release|Any CPU.Build.0 = Release|Any CPU
		{F5BC568D-1530-4079-8838-78AA44BC6DE2}.Release|ARM.ActiveCfg = Release|Any CPU
		{F5BC568D-1530-4079-8838-78AA44BC6DE2}.Release|x86.ActiveCfg = Release|Any CPU
		{C80274A8-3CC6-4477-83CE-DA0454D1F021}.Debug|Any CPU.ActiveCfg = Debug|Any CPU
		{C80274A8-3CC6-4477-83CE-DA0454D1F021}.Debug|Any CPU.Build.0 = Debug|Any CPU
		{C80274A8-3CC6-4477-83CE-DA0454D1F021}.Debug|ARM.ActiveCfg = Debug|Any CPU
		{C80274A8-3CC6-4477-83CE-DA0454D1F021}.Debug|x86.ActiveCfg = Debug|Any CPU
		{C80274A8-3CC6-4477-83CE-DA0454D1F021}.Release|Any CPU.ActiveCfg = Release|Any CPU
		{C80274A8-3CC6-4477-83CE-DA0454D1F021}.Release|Any CPU.Build.0 = Release|Any CPU
		{C80274A8-3CC6-4477-83CE-DA0454D1F021}.Release|ARM.ActiveCfg = Release|Any CPU
		{C80274A8-3CC6-4477-83CE-DA0454D1F021}.Release|x86.ActiveCfg = Release|Any CPU
		{520ECCE1-5E2C-4AAD-90EC-21BD06ED576A}.Debug|Any CPU.ActiveCfg = Debug|Any CPU
		{520ECCE1-5E2C-4AAD-90EC-21BD06ED576A}.Debug|Any CPU.Build.0 = Debug|Any CPU
		{520ECCE1-5E2C-4AAD-90EC-21BD06ED576A}.Debug|ARM.ActiveCfg = Debug|Any CPU
		{520ECCE1-5E2C-4AAD-90EC-21BD06ED576A}.Debug|x86.ActiveCfg = Debug|Any CPU
		{520ECCE1-5E2C-4AAD-90EC-21BD06ED576A}.Release|Any CPU.ActiveCfg = Release|Any CPU
		{520ECCE1-5E2C-4AAD-90EC-21BD06ED576A}.Release|Any CPU.Build.0 = Release|Any CPU
		{520ECCE1-5E2C-4AAD-90EC-21BD06ED576A}.Release|ARM.ActiveCfg = Release|Any CPU
		{520ECCE1-5E2C-4AAD-90EC-21BD06ED576A}.Release|x86.ActiveCfg = Release|Any CPU
		{5E8E10CD-6FDA-48CE-B823-A7143BC4ADD6}.Debug|Any CPU.ActiveCfg = Debug|Any CPU
		{5E8E10CD-6FDA-48CE-B823-A7143BC4ADD6}.Debug|Any CPU.Build.0 = Debug|Any CPU
		{5E8E10CD-6FDA-48CE-B823-A7143BC4ADD6}.Debug|ARM.ActiveCfg = Debug|Any CPU
		{5E8E10CD-6FDA-48CE-B823-A7143BC4ADD6}.Debug|x86.ActiveCfg = Debug|Any CPU
		{5E8E10CD-6FDA-48CE-B823-A7143BC4ADD6}.Release|Any CPU.ActiveCfg = Release|Any CPU
		{5E8E10CD-6FDA-48CE-B823-A7143BC4ADD6}.Release|Any CPU.Build.0 = Release|Any CPU
		{5E8E10CD-6FDA-48CE-B823-A7143BC4ADD6}.Release|ARM.ActiveCfg = Release|Any CPU
		{5E8E10CD-6FDA-48CE-B823-A7143BC4ADD6}.Release|x86.ActiveCfg = Release|Any CPU
		{8AD11BFA-8062-4352-BD99-71EC4DCACD43}.Debug|Any CPU.ActiveCfg = Debug|Any CPU
		{8AD11BFA-8062-4352-BD99-71EC4DCACD43}.Debug|Any CPU.Build.0 = Debug|Any CPU
		{8AD11BFA-8062-4352-BD99-71EC4DCACD43}.Debug|Any CPU.Deploy.0 = Debug|Any CPU
		{8AD11BFA-8062-4352-BD99-71EC4DCACD43}.Debug|ARM.ActiveCfg = Debug|ARM
		{8AD11BFA-8062-4352-BD99-71EC4DCACD43}.Debug|ARM.Build.0 = Debug|ARM
		{8AD11BFA-8062-4352-BD99-71EC4DCACD43}.Debug|ARM.Deploy.0 = Debug|ARM
		{8AD11BFA-8062-4352-BD99-71EC4DCACD43}.Debug|x86.ActiveCfg = Debug|x86
		{8AD11BFA-8062-4352-BD99-71EC4DCACD43}.Debug|x86.Build.0 = Debug|x86
		{8AD11BFA-8062-4352-BD99-71EC4DCACD43}.Debug|x86.Deploy.0 = Debug|x86
		{8AD11BFA-8062-4352-BD99-71EC4DCACD43}.Release|Any CPU.ActiveCfg = Release|Any CPU
		{8AD11BFA-8062-4352-BD99-71EC4DCACD43}.Release|Any CPU.Build.0 = Release|Any CPU
		{8AD11BFA-8062-4352-BD99-71EC4DCACD43}.Release|Any CPU.Deploy.0 = Release|Any CPU
		{8AD11BFA-8062-4352-BD99-71EC4DCACD43}.Release|ARM.ActiveCfg = Release|ARM
		{8AD11BFA-8062-4352-BD99-71EC4DCACD43}.Release|ARM.Build.0 = Release|ARM
		{8AD11BFA-8062-4352-BD99-71EC4DCACD43}.Release|ARM.Deploy.0 = Release|ARM
		{8AD11BFA-8062-4352-BD99-71EC4DCACD43}.Release|x86.ActiveCfg = Release|x86
		{8AD11BFA-8062-4352-BD99-71EC4DCACD43}.Release|x86.Build.0 = Release|x86
		{8AD11BFA-8062-4352-BD99-71EC4DCACD43}.Release|x86.Deploy.0 = Release|x86
	EndGlobalSection
	GlobalSection(SolutionProperties) = preSolution
		HideSolutionNode = FALSE
	EndGlobalSection
	GlobalSection(NestedProjects) = preSolution
		{8AD11BFA-8062-4352-BD99-71EC4DCACD43} = {8BE132FA-E460-4A92-9256-5C2C30D2DF0F}
		{F5BC568D-1530-4079-8838-78AA44BC6DE2} = {C64F8801-3FFC-4F0A-A0BC-F1F855CCE518}
		{C80274A8-3CC6-4477-83CE-DA0454D1F021} = {C64F8801-3FFC-4F0A-A0BC-F1F855CCE518}
		{520ECCE1-5E2C-4AAD-90EC-21BD06ED576A} = {C64F8801-3FFC-4F0A-A0BC-F1F855CCE518}
		{5E8E10CD-6FDA-48CE-B823-A7143BC4ADD6} = {C64F8801-3FFC-4F0A-A0BC-F1F855CCE518}
	EndGlobalSection
EndGlobal
